
Microsoft Visual Studio Solution File, Format Version 12.00
# Visual Studio Version 17
VisualStudioVersion = 17.11.35222.181
MinimumVisualStudioVersion = 10.0.40219.1
Project("{FAE04EC0-301F-11D3-BF4B-00C04F79EFBC}") = "QuantitySurveyApI", "QuantitySurveyApI\QuantitySurveyApI.csproj", "{44A32349-E317-4B1C-9945-6AEBF7618C51}"
EndProject
Global
	GlobalSection(SolutionConfigurationPlatforms) = preSolution
		Debug|Any CPU = Debug|Any CPU
		Release|Any CPU = Release|Any CPU
	EndGlobalSection
	GlobalSection(ProjectConfigurationPlatforms) = postSolution
		{44A32349-E317-4B1C-9945-6AEBF7618C51}.Debug|Any CPU.ActiveCfg = Debug|Any CPU
		{44A32349-E317-4B1C-9945-6AEBF7618C51}.Debug|Any CPU.Build.0 = Debug|Any CPU
		{44A32349-E317-4B1C-9945-6AEBF7618C51}.Release|Any CPU.ActiveCfg = Release|Any CPU
		{44A32349-E317-4B1C-9945-6AEBF7618C51}.Release|Any CPU.Build.0 = Release|Any CPU
	EndGlobalSection
	GlobalSection(SolutionProperties) = preSolution
		HideSolutionNode = FALSE
	EndGlobalSection
	GlobalSection(ExtensibilityGlobals) = postSolution
		SolutionGuid = {50D8A8DE-361F-41BA-B180-916E8C9242F1}
	EndGlobalSection
EndGlobal
